
Microsoft Visual Studio Solution File, Format Version 12.00
# Visual Studio 15
Project("{FAE04EC0-301F-11D3-BF4B-00C04F79EFBC}") = "Assembly-CSharp", "Assembly-CSharp.csproj", "{FBC6CD96-0F3B-86B8-6DD5-C2DD262B5605}"
EndProject
Project("{FAE04EC0-301F-11D3-BF4B-00C04F79EFBC}") = "Unity.AI.Navigation.Samples", "Unity.AI.Navigation.Samples.csproj", "{FAAE3CD4-125E-9F8A-F5DC-B94041D8A349}"
EndProject
Project("{FAE04EC0-301F-11D3-BF4B-00C04F79EFBC}") = "Unity.AI.Navigation.Samples.Initialization.Editor", "Unity.AI.Navigation.Samples.Initialization.Editor.csproj", "{B4EBD927-8650-B386-6053-E257C2B3DC1B}"
EndProject
Project("{FAE04EC0-301F-11D3-BF4B-00C04F79EFBC}") = "Assembly-CSharp-Editor", "Assembly-CSharp-Editor.csproj", "{F6A89836-3FB2-B40B-24A8-57764D2A1325}"
EndProject
Global
	GlobalSection(SolutionConfigurationPlatforms) = preSolution
		Debug|Any CPU = Debug|Any CPU
		Release|Any CPU = Release|Any CPU
	EndGlobalSection
	GlobalSection(ProjectConfigurationPlatforms) = postSolution
		{FBC6CD96-0F3B-86B8-6DD5-C2DD262B5605}.Debug|Any CPU.ActiveCfg = Debug|Any CPU
		{FBC6CD96-0F3B-86B8-6DD5-C2DD262B5605}.Debug|Any CPU.Build.0 = Debug|Any CPU
		{FBC6CD96-0F3B-86B8-6DD5-C2DD262B5605}.Release|Any CPU.ActiveCfg = Release|Any CPU
		{FBC6CD96-0F3B-86B8-6DD5-C2DD262B5605}.Release|Any CPU.Build.0 = Release|Any CPU
		{FAAE3CD4-125E-9F8A-F5DC-B94041D8A349}.Debug|Any CPU.ActiveCfg = Debug|Any CPU
		{FAAE3CD4-125E-9F8A-F5DC-B94041D8A349}.Debug|Any CPU.Build.0 = Debug|Any CPU
		{FAAE3CD4-125E-9F8A-F5DC-B94041D8A349}.Release|Any CPU.ActiveCfg = Release|Any CPU
		{FAAE3CD4-125E-9F8A-F5DC-B94041D8A349}.Release|Any CPU.Build.0 = Release|Any CPU
		{B4EBD927-8650-B386-6053-E257C2B3DC1B}.Debug|Any CPU.ActiveCfg = Debug|Any CPU
		{B4EBD927-8650-B386-6053-E257C2B3DC1B}.Debug|Any CPU.Build.0 = Debug|Any CPU
		{B4EBD927-8650-B386-6053-E257C2B3DC1B}.Release|Any CPU.ActiveCfg = Release|Any CPU
		{B4EBD927-8650-B386-6053-E257C2B3DC1B}.Release|Any CPU.Build.0 = Release|Any CPU
		{F6A89836-3FB2-B40B-24A8-57764D2A1325}.Debug|Any CPU.ActiveCfg = Debug|Any CPU
		{F6A89836-3FB2-B40B-24A8-57764D2A1325}.Debug|Any CPU.Build.0 = Debug|Any CPU
		{F6A89836-3FB2-B40B-24A8-57764D2A1325}.Release|Any CPU.ActiveCfg = Release|Any CPU
		{F6A89836-3FB2-B40B-24A8-57764D2A1325}.Release|Any CPU.Build.0 = Release|Any CPU
	EndGlobalSection
	GlobalSection(SolutionProperties) = preSolution
		HideSolutionNode = FALSE
	EndGlobalSection
EndGlobal
